
Microsoft Visual Studio Solution File, Format Version 12.00
# Visual Studio 15
VisualStudioVersion = 15.0.28010.2003
MinimumVisualStudioVersion = 10.0.40219.1
Project("{9A19103F-16F7-4668-BE54-9A1E7A4F7556}") = "Lotus.Logging", "src\Lotus.Logging\Lotus.Logging.csproj", "{4D3D09E4-00D8-4547-B441-B27ED59BDA06}"
EndProject
Project("{9A19103F-16F7-4668-BE54-9A1E7A4F7556}") = "Lotus.Core", "src\Lotus.Core\Lotus.Core.csproj", "{22689753-9C31-4854-89FE-5DD13BE0A251}"
EndProject
Project("{2150E333-8FDC-42A3-9474-1A3956D46DE8}") = "src", "src", "{C2DEE63C-1744-4741-8792-3C05C864D88C}"
EndProject
Project("{2150E333-8FDC-42A3-9474-1A3956D46DE8}") = "test", "test", "{0EAB1398-FF84-43CD-9D50-D4A07C0C513F}"
EndProject
Project("{9A19103F-16F7-4668-BE54-9A1E7A4F7556}") = "Lotus.Logging.Tests", "test\Lotus.Logging.Tests\Lotus.Logging.Tests.csproj", "{A6C816DF-2DF4-4031-B047-9F4CED40B7D8}"
EndProject
Project("{9A19103F-16F7-4668-BE54-9A1E7A4F7556}") = "Lotus.Security", "src\Lotus.Security\Lotus.Security.csproj", "{4958D868-3D51-4A48-BD28-290BA708AC18}"
EndProject
Project("{9A19103F-16F7-4668-BE54-9A1E7A4F7556}") = "TestWeb", "test\TestWeb\TestWeb.csproj", "{857DDBF1-EAB2-4901-8632-B138862D81C5}"
EndProject
Project("{2150E333-8FDC-42A3-9474-1A3956D46DE8}") = "OSS", "OSS", "{297BFAAB-6CC2-4DFB-A053-9E3962DD187A}"
EndProject
Project("{9A19103F-16F7-4668-BE54-9A1E7A4F7556}") = "Lotus.OssCore", "src\OSS\Lotus.OssCore\Lotus.OssCore.csproj", "{CAACB77A-CA69-4FA6-AF09-6C4E81C29746}"
EndProject
Project("{9A19103F-16F7-4668-BE54-9A1E7A4F7556}") = "Lotus.OssProvider.AliOss", "src\OSS\Lotus.OssProvider.AliOss\Lotus.OssProvider.AliOss.csproj", "{91B61567-EFB6-4280-90B9-AA8E49852F63}"
EndProject
Project("{2150E333-8FDC-42A3-9474-1A3956D46DE8}") = "MQ", "MQ", "{C48A35D7-FC90-4502-806E-7D2339F0ACB3}"
EndProject
Project("{9A19103F-16F7-4668-BE54-9A1E7A4F7556}") = "Lotus.MQCore", "src\MQ\Lotus.MQCore\Lotus.MQCore.csproj", "{693E715F-FD0C-4A2B-824C-0EC1C02BA2EC}"
EndProject
Project("{9A19103F-16F7-4668-BE54-9A1E7A4F7556}") = "Lotus.OssProvider.AliOss.Tests", "test\Lotus.OssProvider.AliOss.Tests\Lotus.OssProvider.AliOss.Tests.csproj", "{296DEA14-5819-4E77-94A2-66C87229A667}"
EndProject
Project("{9A19103F-16F7-4668-BE54-9A1E7A4F7556}") = "Lotus.MQProvider.RocketMQ", "src\MQ\Lotus.RocketMQ\Lotus.MQProvider.RocketMQ.csproj", "{422C8384-8FBA-49F1-827B-959437CF2CA4}"
EndProject
Project("{9A19103F-16F7-4668-BE54-9A1E7A4F7556}") = "Lotus.MQProvider.RocketMQ.Tests", "test\Lotus.MQProvider.RocketMQ.Tests\Lotus.MQProvider.RocketMQ.Tests.csproj", "{FCF81D7D-44B2-4E2C-A01D-184B0C579AE7}"
EndProject
Project("{9A19103F-16F7-4668-BE54-9A1E7A4F7556}") = "Lotus.ConsoleTests", "test\Lotus.ConsoleTests\Lotus.ConsoleTests.csproj", "{FE0C809E-539C-4868-87C7-46DA180FBAE6}"
EndProject
Project("{2150E333-8FDC-42A3-9474-1A3956D46DE8}") = "Data", "Data", "{1322E4AC-BE41-4501-96D6-5BF14376810F}"
EndProject
Project("{9A19103F-16F7-4668-BE54-9A1E7A4F7556}") = "Lotus.Data.MongoDb", "src\Data\Lotus.Data.MongoDb\Lotus.Data.MongoDb.csproj", "{E31B8552-0AB8-4D42-85A8-6A5EB2BC2F41}"
EndProject
Project("{9A19103F-16F7-4668-BE54-9A1E7A4F7556}") = "Lotus.Data", "src\Data\Lotus.Data\Lotus.Data.csproj", "{512B2780-1432-4FD1-929E-F0B31A5064DC}"
EndProject
Project("{9A19103F-16F7-4668-BE54-9A1E7A4F7556}") = "Lotus.Data.MongoDb.Tests", "test\Lotus.Data.MongoDb.Tests\Lotus.Data.MongoDb.Tests.csproj", "{AD8D38F6-5396-4830-B302-E71C71775470}"
EndProject
Project("{9A19103F-16F7-4668-BE54-9A1E7A4F7556}") = "Lotus.Security.Tests", "test\Lotus.Security.Tests\Lotus.Security.Tests.csproj", "{1FDECAFD-54FF-4281-A3DB-1246D3B5B3D1}"
EndProject
Project("{9A19103F-16F7-4668-BE54-9A1E7A4F7556}") = "Lotus.CommonService", "src\Lotus.CommonService\Lotus.CommonService.csproj", "{354D8721-5C08-449E-B80E-97896332267E}"
EndProject
Project("{9A19103F-16F7-4668-BE54-9A1E7A4F7556}") = "Lotus.Web.Mvc", "src\Lotus.Web.Mvc\Lotus.Web.Mvc.csproj", "{6BFCD1C9-5094-4E1F-9E84-E91A21E891C8}"
EndProject
Project("{2150E333-8FDC-42A3-9474-1A3956D46DE8}") = "Payment", "Payment", "{40354126-45F7-4340-8E00-6D1A6C9345B3}"
EndProject
Project("{FAE04EC0-301F-11D3-BF4B-00C04F79EFBC}") = "Lotus.Payment.99bill", "src\Payment\Lotus.Payment.99bill\Lotus.Payment.99bill.csproj", "{1DAA4BD7-87AE-42B4-9249-0DB3319BB1C6}"
EndProject
Global
	GlobalSection(SolutionConfigurationPlatforms) = preSolution
		Debug|Any CPU = Debug|Any CPU
		Release|Any CPU = Release|Any CPU
	EndGlobalSection
	GlobalSection(ProjectConfigurationPlatforms) = postSolution
		{4D3D09E4-00D8-4547-B441-B27ED59BDA06}.Debug|Any CPU.ActiveCfg = Debug|Any CPU
		{4D3D09E4-00D8-4547-B441-B27ED59BDA06}.Debug|Any CPU.Build.0 = Debug|Any CPU
		{4D3D09E4-00D8-4547-B441-B27ED59BDA06}.Release|Any CPU.ActiveCfg = Release|Any CPU
		{4D3D09E4-00D8-4547-B441-B27ED59BDA06}.Release|Any CPU.Build.0 = Release|Any CPU
		{22689753-9C31-4854-89FE-5DD13BE0A251}.Debug|Any CPU.ActiveCfg = Debug|Any CPU
		{22689753-9C31-4854-89FE-5DD13BE0A251}.Debug|Any CPU.Build.0 = Debug|Any CPU
		{22689753-9C31-4854-89FE-5DD13BE0A251}.Release|Any CPU.ActiveCfg = Release|Any CPU
		{22689753-9C31-4854-89FE-5DD13BE0A251}.Release|Any CPU.Build.0 = Release|Any CPU
		{A6C816DF-2DF4-4031-B047-9F4CED40B7D8}.Debug|Any CPU.ActiveCfg = Debug|Any CPU
		{A6C816DF-2DF4-4031-B047-9F4CED40B7D8}.Debug|Any CPU.Build.0 = Debug|Any CPU
		{A6C816DF-2DF4-4031-B047-9F4CED40B7D8}.Release|Any CPU.ActiveCfg = Release|Any CPU
		{A6C816DF-2DF4-4031-B047-9F4CED40B7D8}.Release|Any CPU.Build.0 = Release|Any CPU
		{4958D868-3D51-4A48-BD28-290BA708AC18}.Debug|Any CPU.ActiveCfg = Debug|Any CPU
		{4958D868-3D51-4A48-BD28-290BA708AC18}.Debug|Any CPU.Build.0 = Debug|Any CPU
		{4958D868-3D51-4A48-BD28-290BA708AC18}.Release|Any CPU.ActiveCfg = Release|Any CPU
		{4958D868-3D51-4A48-BD28-290BA708AC18}.Release|Any CPU.Build.0 = Release|Any CPU
		{857DDBF1-EAB2-4901-8632-B138862D81C5}.Debug|Any CPU.ActiveCfg = Debug|Any CPU
		{857DDBF1-EAB2-4901-8632-B138862D81C5}.Debug|Any CPU.Build.0 = Debug|Any CPU
		{857DDBF1-EAB2-4901-8632-B138862D81C5}.Release|Any CPU.ActiveCfg = Release|Any CPU
		{857DDBF1-EAB2-4901-8632-B138862D81C5}.Release|Any CPU.Build.0 = Release|Any CPU
		{CAACB77A-CA69-4FA6-AF09-6C4E81C29746}.Debug|Any CPU.ActiveCfg = Debug|Any CPU
		{CAACB77A-CA69-4FA6-AF09-6C4E81C29746}.Debug|Any CPU.Build.0 = Debug|Any CPU
		{CAACB77A-CA69-4FA6-AF09-6C4E81C29746}.Release|Any CPU.ActiveCfg = Release|Any CPU
		{CAACB77A-CA69-4FA6-AF09-6C4E81C29746}.Release|Any CPU.Build.0 = Release|Any CPU
		{91B61567-EFB6-4280-90B9-AA8E49852F63}.Debug|Any CPU.ActiveCfg = Debug|Any CPU
		{91B61567-EFB6-4280-90B9-AA8E49852F63}.Debug|Any CPU.Build.0 = Debug|Any CPU
		{91B61567-EFB6-4280-90B9-AA8E49852F63}.Release|Any CPU.ActiveCfg = Release|Any CPU
		{91B61567-EFB6-4280-90B9-AA8E49852F63}.Release|Any CPU.Build.0 = Release|Any CPU
		{693E715F-FD0C-4A2B-824C-0EC1C02BA2EC}.Debug|Any CPU.ActiveCfg = Debug|Any CPU
		{693E715F-FD0C-4A2B-824C-0EC1C02BA2EC}.Debug|Any CPU.Build.0 = Debug|Any CPU
		{693E715F-FD0C-4A2B-824C-0EC1C02BA2EC}.Release|Any CPU.ActiveCfg = Release|Any CPU
		{693E715F-FD0C-4A2B-824C-0EC1C02BA2EC}.Release|Any CPU.Build.0 = Release|Any CPU
		{296DEA14-5819-4E77-94A2-66C87229A667}.Debug|Any CPU.ActiveCfg = Debug|Any CPU
		{296DEA14-5819-4E77-94A2-66C87229A667}.Debug|Any CPU.Build.0 = Debug|Any CPU
		{296DEA14-5819-4E77-94A2-66C87229A667}.Release|Any CPU.ActiveCfg = Release|Any CPU
		{296DEA14-5819-4E77-94A2-66C87229A667}.Release|Any CPU.Build.0 = Release|Any CPU
		{422C8384-8FBA-49F1-827B-959437CF2CA4}.Debug|Any CPU.ActiveCfg = Debug|Any CPU
		{422C8384-8FBA-49F1-827B-959437CF2CA4}.Debug|Any CPU.Build.0 = Debug|Any CPU
		{422C8384-8FBA-49F1-827B-959437CF2CA4}.Release|Any CPU.ActiveCfg = Release|Any CPU
		{422C8384-8FBA-49F1-827B-959437CF2CA4}.Release|Any CPU.Build.0 = Release|Any CPU
		{FCF81D7D-44B2-4E2C-A01D-184B0C579AE7}.Debug|Any CPU.ActiveCfg = Debug|Any CPU
		{FCF81D7D-44B2-4E2C-A01D-184B0C579AE7}.Debug|Any CPU.Build.0 = Debug|Any CPU
		{FCF81D7D-44B2-4E2C-A01D-184B0C579AE7}.Release|Any CPU.ActiveCfg = Release|Any CPU
		{FCF81D7D-44B2-4E2C-A01D-184B0C579AE7}.Release|Any CPU.Build.0 = Release|Any CPU
		{FE0C809E-539C-4868-87C7-46DA180FBAE6}.Debug|Any CPU.ActiveCfg = Debug|Any CPU
		{FE0C809E-539C-4868-87C7-46DA180FBAE6}.Debug|Any CPU.Build.0 = Debug|Any CPU
		{FE0C809E-539C-4868-87C7-46DA180FBAE6}.Release|Any CPU.ActiveCfg = Release|Any CPU
		{FE0C809E-539C-4868-87C7-46DA180FBAE6}.Release|Any CPU.Build.0 = Release|Any CPU
		{E31B8552-0AB8-4D42-85A8-6A5EB2BC2F41}.Debug|Any CPU.ActiveCfg = Debug|Any CPU
		{E31B8552-0AB8-4D42-85A8-6A5EB2BC2F41}.Debug|Any CPU.Build.0 = Debug|Any CPU
		{E31B8552-0AB8-4D42-85A8-6A5EB2BC2F41}.Release|Any CPU.ActiveCfg = Release|Any CPU
		{E31B8552-0AB8-4D42-85A8-6A5EB2BC2F41}.Release|Any CPU.Build.0 = Release|Any CPU
		{512B2780-1432-4FD1-929E-F0B31A5064DC}.Debug|Any CPU.ActiveCfg = Debug|Any CPU
		{512B2780-1432-4FD1-929E-F0B31A5064DC}.Debug|Any CPU.Build.0 = Debug|Any CPU
		{512B2780-1432-4FD1-929E-F0B31A5064DC}.Release|Any CPU.ActiveCfg = Release|Any CPU
		{512B2780-1432-4FD1-929E-F0B31A5064DC}.Release|Any CPU.Build.0 = Release|Any CPU
		{AD8D38F6-5396-4830-B302-E71C71775470}.Debug|Any CPU.ActiveCfg = Debug|Any CPU
		{AD8D38F6-5396-4830-B302-E71C71775470}.Debug|Any CPU.Build.0 = Debug|Any CPU
		{AD8D38F6-5396-4830-B302-E71C71775470}.Release|Any CPU.ActiveCfg = Release|Any CPU
		{AD8D38F6-5396-4830-B302-E71C71775470}.Release|Any CPU.Build.0 = Release|Any CPU
		{1FDECAFD-54FF-4281-A3DB-1246D3B5B3D1}.Debug|Any CPU.ActiveCfg = Debug|Any CPU
		{1FDECAFD-54FF-4281-A3DB-1246D3B5B3D1}.Debug|Any CPU.Build.0 = Debug|Any CPU
		{1FDECAFD-54FF-4281-A3DB-1246D3B5B3D1}.Release|Any CPU.ActiveCfg = Release|Any CPU
		{1FDECAFD-54FF-4281-A3DB-1246D3B5B3D1}.Release|Any CPU.Build.0 = Release|Any CPU
		{354D8721-5C08-449E-B80E-97896332267E}.Debug|Any CPU.ActiveCfg = Debug|Any CPU
		{354D8721-5C08-449E-B80E-97896332267E}.Debug|Any CPU.Build.0 = Debug|Any CPU
		{354D8721-5C08-449E-B80E-97896332267E}.Release|Any CPU.ActiveCfg = Release|Any CPU
		{354D8721-5C08-449E-B80E-97896332267E}.Release|Any CPU.Build.0 = Release|Any CPU
		{6BFCD1C9-5094-4E1F-9E84-E91A21E891C8}.Debug|Any CPU.ActiveCfg = Debug|Any CPU
		{6BFCD1C9-5094-4E1F-9E84-E91A21E891C8}.Debug|Any CPU.Build.0 = Debug|Any CPU
		{6BFCD1C9-5094-4E1F-9E84-E91A21E891C8}.Release|Any CPU.ActiveCfg = Release|Any CPU
		{6BFCD1C9-5094-4E1F-9E84-E91A21E891C8}.Release|Any CPU.Build.0 = Release|Any CPU
		{1DAA4BD7-87AE-42B4-9249-0DB3319BB1C6}.Debug|Any CPU.ActiveCfg = Debug|Any CPU
		{1DAA4BD7-87AE-42B4-9249-0DB3319BB1C6}.Debug|Any CPU.Build.0 = Debug|Any CPU
		{1DAA4BD7-87AE-42B4-9249-0DB3319BB1C6}.Release|Any CPU.ActiveCfg = Release|Any CPU
		{1DAA4BD7-87AE-42B4-9249-0DB3319BB1C6}.Release|Any CPU.Build.0 = Release|Any CPU
	EndGlobalSection
	GlobalSection(SolutionProperties) = preSolution
		HideSolutionNode = FALSE
	EndGlobalSection
	GlobalSection(NestedProjects) = preSolution
		{4D3D09E4-00D8-4547-B441-B27ED59BDA06} = {C2DEE63C-1744-4741-8792-3C05C864D88C}
		{22689753-9C31-4854-89FE-5DD13BE0A251} = {C2DEE63C-1744-4741-8792-3C05C864D88C}
		{A6C816DF-2DF4-4031-B047-9F4CED40B7D8} = {0EAB1398-FF84-43CD-9D50-D4A07C0C513F}
		{4958D868-3D51-4A48-BD28-290BA708AC18} = {C2DEE63C-1744-4741-8792-3C05C864D88C}
		{857DDBF1-EAB2-4901-8632-B138862D81C5} = {0EAB1398-FF84-43CD-9D50-D4A07C0C513F}
		{297BFAAB-6CC2-4DFB-A053-9E3962DD187A} = {C2DEE63C-1744-4741-8792-3C05C864D88C}
		{CAACB77A-CA69-4FA6-AF09-6C4E81C29746} = {297BFAAB-6CC2-4DFB-A053-9E3962DD187A}
		{91B61567-EFB6-4280-90B9-AA8E49852F63} = {297BFAAB-6CC2-4DFB-A053-9E3962DD187A}
		{C48A35D7-FC90-4502-806E-7D2339F0ACB3} = {C2DEE63C-1744-4741-8792-3C05C864D88C}
		{693E715F-FD0C-4A2B-824C-0EC1C02BA2EC} = {C48A35D7-FC90-4502-806E-7D2339F0ACB3}
		{296DEA14-5819-4E77-94A2-66C87229A667} = {0EAB1398-FF84-43CD-9D50-D4A07C0C513F}
		{422C8384-8FBA-49F1-827B-959437CF2CA4} = {C48A35D7-FC90-4502-806E-7D2339F0ACB3}
		{FCF81D7D-44B2-4E2C-A01D-184B0C579AE7} = {0EAB1398-FF84-43CD-9D50-D4A07C0C513F}
		{FE0C809E-539C-4868-87C7-46DA180FBAE6} = {0EAB1398-FF84-43CD-9D50-D4A07C0C513F}
		{1322E4AC-BE41-4501-96D6-5BF14376810F} = {C2DEE63C-1744-4741-8792-3C05C864D88C}
		{E31B8552-0AB8-4D42-85A8-6A5EB2BC2F41} = {1322E4AC-BE41-4501-96D6-5BF14376810F}
		{512B2780-1432-4FD1-929E-F0B31A5064DC} = {1322E4AC-BE41-4501-96D6-5BF14376810F}
		{AD8D38F6-5396-4830-B302-E71C71775470} = {0EAB1398-FF84-43CD-9D50-D4A07C0C513F}
		{1FDECAFD-54FF-4281-A3DB-1246D3B5B3D1} = {0EAB1398-FF84-43CD-9D50-D4A07C0C513F}
		{354D8721-5C08-449E-B80E-97896332267E} = {C2DEE63C-1744-4741-8792-3C05C864D88C}
		{6BFCD1C9-5094-4E1F-9E84-E91A21E891C8} = {C2DEE63C-1744-4741-8792-3C05C864D88C}
		{40354126-45F7-4340-8E00-6D1A6C9345B3} = {C2DEE63C-1744-4741-8792-3C05C864D88C}
		{1DAA4BD7-87AE-42B4-9249-0DB3319BB1C6} = {40354126-45F7-4340-8E00-6D1A6C9345B3}
	EndGlobalSection
	GlobalSection(ExtensibilityGlobals) = postSolution
		SolutionGuid = {75DFAC68-4D3A-46B6-8147-7B4FD62A3822}
	EndGlobalSection
EndGlobal
